// !$*UTF8*$!
{
	archiveVersion = 1;
	classes = {
	};
	objectVersion = 56;
	objects = {

/* Begin PBXBuildFile section */
		4641D11C2A2E7B0E006ACB0F /* MarcoApp.swift in Sources */ = {isa = PBXBuildFile; fileRef = 4641D11B2A2E7B0E006ACB0F /* MarcoApp.swift */; };
		4641D11E2A2E7B0E006ACB0F /* Persistence.swift in Sources */ = {isa = PBXBuildFile; fileRef = 4641D11D2A2E7B0E006ACB0F /* Persistence.swift */; };
		4641D1212A2E7B0E006ACB0F /* Marco.xcdatamodeld in Sources */ = {isa = PBXBuildFile; fileRef = 4641D11F2A2E7B0E006ACB0F /* Marco.xcdatamodeld */; };
		4641D1232A2E7B0E006ACB0F /* ContentView.swift in Sources */ = {isa = PBXBuildFile; fileRef = 4641D1222A2E7B0E006ACB0F /* ContentView.swift */; };
		4641D1252A2E7B0F006ACB0F /* Assets.xcassets in Resources */ = {isa = PBXBuildFile; fileRef = 4641D1242A2E7B0F006ACB0F /* Assets.xcassets */; };
		4641D1292A2E7B0F006ACB0F /* Preview Assets.xcassets in Resources */ = {isa = PBXBuildFile; fileRef = 4641D1282A2E7B0F006ACB0F /* Preview Assets.xcassets */; };
		4641D1332A2E7B0F006ACB0F /* MarcoTests.swift in Sources */ = {isa = PBXBuildFile; fileRef = 4641D1322A2E7B0F006ACB0F /* MarcoTests.swift */; };
		4641D13D2A2E7B0F006ACB0F /* MarcoUITests.swift in Sources */ = {isa = PBXBuildFile; fileRef = 4641D13C2A2E7B0F006ACB0F /* MarcoUITests.swift */; };
		4641D13F2A2E7B0F006ACB0F /* MarcoUITestsLaunchTests.swift in Sources */ = {isa = PBXBuildFile; fileRef = 4641D13E2A2E7B0F006ACB0F /* MarcoUITestsLaunchTests.swift */; };
/* End PBXBuildFile section */

/* Begin PBXContainerItemProxy section */
		4641D12F2A2E7B0F006ACB0F /* PBXContainerItemProxy */ = {
			isa = PBXContainerItemProxy;
			containerPortal = 4641D1102A2E7B0E006ACB0F /* Project object */;
			proxyType = 1;
			remoteGlobalIDString = 4641D1172A2E7B0E006ACB0F;
			remoteInfo = Marco;
		};
		4641D1392A2E7B0F006ACB0F /* PBXContainerItemProxy */ = {
			isa = PBXContainerItemProxy;
			containerPortal = 4641D1102A2E7B0E006ACB0F /* Project object */;
			proxyType = 1;
			remoteGlobalIDString = 4641D1172A2E7B0E006ACB0F;
			remoteInfo = Marco;
		};
/* End PBXContainerItemProxy section */

/* Begin PBXFileReference section */
		4641D1182A2E7B0E006ACB0F /* Marco.app */ = {isa = PBXFileReference; explicitFileType = wrapper.application; includeInIndex = 0; path = Marco.app; sourceTree = BUILT_PRODUCTS_DIR; };
		4641D11B2A2E7B0E006ACB0F /* MarcoApp.swift */ = {isa = PBXFileReference; lastKnownFileType = sourcecode.swift; path = MarcoApp.swift; sourceTree = "<group>"; };
		4641D11D2A2E7B0E006ACB0F /* Persistence.swift */ = {isa = PBXFileReference; lastKnownFileType = sourcecode.swift; path = Persistence.swift; sourceTree = "<group>"; };
		4641D1202A2E7B0E006ACB0F /* Marco.xcdatamodel */ = {isa = PBXFileReference; lastKnownFileType = wrapper.xcdatamodel; path = Marco.xcdatamodel; sourceTree = "<group>"; };
		4641D1222A2E7B0E006ACB0F /* ContentView.swift */ = {isa = PBXFileReference; lastKnownFileType = sourcecode.swift; path = ContentView.swift; sourceTree = "<group>"; };
		4641D1242A2E7B0F006ACB0F /* Assets.xcassets */ = {isa = PBXFileReference; lastKnownFileType = folder.assetcatalog; path = Assets.xcassets; sourceTree = "<group>"; };
		4641D1262A2E7B0F006ACB0F /* Marco.entitlements */ = {isa = PBXFileReference; lastKnownFileType = text.plist.entitlements; path = Marco.entitlements; sourceTree = "<group>"; };
		4641D1282A2E7B0F006ACB0F /* Preview Assets.xcassets */ = {isa = PBXFileReference; lastKnownFileType = folder.assetcatalog; path = "Preview Assets.xcassets"; sourceTree = "<group>"; };
		4641D12E2A2E7B0F006ACB0F /* MarcoTests.xctest */ = {isa = PBXFileReference; explicitFileType = wrapper.cfbundle; includeInIndex = 0; path = MarcoTests.xctest; sourceTree = BUILT_PRODUCTS_DIR; };
		4641D1322A2E7B0F006ACB0F /* MarcoTests.swift */ = {isa = PBXFileReference; lastKnownFileType = sourcecode.swift; path = MarcoTests.swift; sourceTree = "<group>"; };
		4641D1382A2E7B0F006ACB0F /* MarcoUITests.xctest */ = {isa = PBXFileReference; explicitFileType = wrapper.cfbundle; includeInIndex = 0; path = MarcoUITests.xctest; sourceTree = BUILT_PRODUCTS_DIR; };
		4641D13C2A2E7B0F006ACB0F /* MarcoUITests.swift */ = {isa = PBXFileReference; lastKnownFileType = sourcecode.swift; path = MarcoUITests.swift; sourceTree = "<group>"; };
		4641D13E2A2E7B0F006ACB0F /* MarcoUITestsLaunchTests.swift */ = {isa = PBXFileReference; lastKnownFileType = sourcecode.swift; path = MarcoUITestsLaunchTests.swift; sourceTree = "<group>"; };
/* End PBXFileReference section */

/* Begin PBXFrameworksBuildPhase section */
		4641D1152A2E7B0E006ACB0F /* Frameworks */ = {
			isa = PBXFrameworksBuildPhase;
			buildActionMask = 2147483647;
			files = (
			);
			runOnlyForDeploymentPostprocessing = 0;
		};
		4641D12B2A2E7B0F006ACB0F /* Frameworks */ = {
			isa = PBXFrameworksBuildPhase;
			buildActionMask = 2147483647;
			files = (
			);
			runOnlyForDeploymentPostprocessing = 0;
		};
		4641D1352A2E7B0F006ACB0F /* Frameworks */ = {
			isa = PBXFrameworksBuildPhase;
			buildActionMask = 2147483647;
			files = (
			);
			runOnlyForDeploymentPostprocessing = 0;
		};
/* End PBXFrameworksBuildPhase section */

/* Begin PBXGroup section */
		4641D10F2A2E7B0E006ACB0F = {
			isa = PBXGroup;
			children = (
				4641D11A2A2E7B0E006ACB0F /* Marco */,
				4641D1312A2E7B0F006ACB0F /* MarcoTests */,
				4641D13B2A2E7B0F006ACB0F /* MarcoUITests */,
				4641D1192A2E7B0E006ACB0F /* Products */,
			);
			sourceTree = "<group>";
		};
		4641D1192A2E7B0E006ACB0F /* Products */ = {
			isa = PBXGroup;
			children = (
				4641D1182A2E7B0E006ACB0F /* Marco.app */,
				4641D12E2A2E7B0F006ACB0F /* MarcoTests.xctest */,
				4641D1382A2E7B0F006ACB0F /* MarcoUITests.xctest */,
			);
			name = Products;
			sourceTree = "<group>";
		};
		4641D11A2A2E7B0E006ACB0F /* Marco */ = {
			isa = PBXGroup;
			children = (
				4641D11B2A2E7B0E006ACB0F /* MarcoApp.swift */,
				4641D11D2A2E7B0E006ACB0F /* Persistence.swift */,
				4641D1222A2E7B0E006ACB0F /* ContentView.swift */,
				4641D1242A2E7B0F006ACB0F /* Assets.xcassets */,
				4641D1262A2E7B0F006ACB0F /* Marco.entitlements */,
				4641D11F2A2E7B0E006ACB0F /* Marco.xcdatamodeld */,
				4641D1272A2E7B0F006ACB0F /* Preview Content */,
			);
			path = Marco;
			sourceTree = "<group>";
		};
		4641D1272A2E7B0F006ACB0F /* Preview Content */ = {
			isa = PBXGroup;
			children = (
				4641D1282A2E7B0F006ACB0F /* Preview Assets.xcassets */,
			);
			path = "Preview Content";
			sourceTree = "<group>";
		};
		4641D1312A2E7B0F006ACB0F /* MarcoTests */ = {
			isa = PBXGroup;
			children = (
				4641D1322A2E7B0F006ACB0F /* MarcoTests.swift */,
			);
			path = MarcoTests;
			sourceTree = "<group>";
		};
		4641D13B2A2E7B0F006ACB0F /* MarcoUITests */ = {
			isa = PBXGroup;
			children = (
				4641D13C2A2E7B0F006ACB0F /* MarcoUITests.swift */,
				4641D13E2A2E7B0F006ACB0F /* MarcoUITestsLaunchTests.swift */,
			);
			path = MarcoUITests;
			sourceTree = "<group>";
		};
/* End PBXGroup section */

/* Begin PBXNativeTarget section */
		4641D1172A2E7B0E006ACB0F /* Marco */ = {
			isa = PBXNativeTarget;
			buildConfigurationList = 4641D1422A2E7B0F006ACB0F /* Build configuration list for PBXNativeTarget "Marco" */;
			buildPhases = (
				4641D1142A2E7B0E006ACB0F /* Sources */,
				4641D1152A2E7B0E006ACB0F /* Frameworks */,
				4641D1162A2E7B0E006ACB0F /* Resources */,
			);
			buildRules = (
			);
			dependencies = (
			);
			name = Marco;
			productName = Marco;
			productReference = 4641D1182A2E7B0E006ACB0F /* Marco.app */;
			productType = "com.apple.product-type.application";
		};
		4641D12D2A2E7B0F006ACB0F /* MarcoTests */ = {
			isa = PBXNativeTarget;
			buildConfigurationList = 4641D1452A2E7B0F006ACB0F /* Build configuration list for PBXNativeTarget "MarcoTests" */;
			buildPhases = (
				4641D12A2A2E7B0F006ACB0F /* Sources */,
				4641D12B2A2E7B0F006ACB0F /* Frameworks */,
				4641D12C2A2E7B0F006ACB0F /* Resources */,
			);
			buildRules = (
			);
			dependencies = (
				4641D1302A2E7B0F006ACB0F /* PBXTargetDependency */,
			);
			name = MarcoTests;
			productName = MarcoTests;
			productReference = 4641D12E2A2E7B0F006ACB0F /* MarcoTests.xctest */;
			productType = "com.apple.product-type.bundle.unit-test";
		};
		4641D1372A2E7B0F006ACB0F /* MarcoUITests */ = {
			isa = PBXNativeTarget;
			buildConfigurationList = 4641D1482A2E7B0F006ACB0F /* Build configuration list for PBXNativeTarget "MarcoUITests" */;
			buildPhases = (
				4641D1342A2E7B0F006ACB0F /* Sources */,
				4641D1352A2E7B0F006ACB0F /* Frameworks */,
				4641D1362A2E7B0F006ACB0F /* Resources */,
			);
			buildRules = (
			);
			dependencies = (
				4641D13A2A2E7B0F006ACB0F /* PBXTargetDependency */,
			);
			name = MarcoUITests;
			productName = MarcoUITests;
			productReference = 4641D1382A2E7B0F006ACB0F /* MarcoUITests.xctest */;
			productType = "com.apple.product-type.bundle.ui-testing";
		};
/* End PBXNativeTarget section */

/* Begin PBXProject section */
		4641D1102A2E7B0E006ACB0F /* Project object */ = {
			isa = PBXProject;
			attributes = {
				BuildIndependentTargetsInParallel = 1;
				LastSwiftUpdateCheck = 1430;
				LastUpgradeCheck = 1430;
				TargetAttributes = {
					4641D1172A2E7B0E006ACB0F = {
						CreatedOnToolsVersion = 14.3.1;
					};
					4641D12D2A2E7B0F006ACB0F = {
						CreatedOnToolsVersion = 14.3.1;
						TestTargetID = 4641D1172A2E7B0E006ACB0F;
					};
					4641D1372A2E7B0F006ACB0F = {
						CreatedOnToolsVersion = 14.3.1;
						TestTargetID = 4641D1172A2E7B0E006ACB0F;
					};
				};
			};
			buildConfigurationList = 4641D1132A2E7B0E006ACB0F /* Build configuration list for PBXProject "Marco" */;
			compatibilityVersion = "Xcode 14.0";
			developmentRegion = en;
			hasScannedForEncodings = 0;
			knownRegions = (
				en,
				Base,
			);
			mainGroup = 4641D10F2A2E7B0E006ACB0F;
			productRefGroup = 4641D1192A2E7B0E006ACB0F /* Products */;
			projectDirPath = "";
			projectRoot = "";
			targets = (
				4641D1172A2E7B0E006ACB0F /* Marco */,
				4641D12D2A2E7B0F006ACB0F /* MarcoTests */,
				4641D1372A2E7B0F006ACB0F /* MarcoUITests */,
			);
		};
/* End PBXProject section */

/* Begin PBXResourcesBuildPhase section */
		4641D1162A2E7B0E006ACB0F /* Resources */ = {
			isa = PBXResourcesBuildPhase;
			buildActionMask = 2147483647;
			files = (
				4641D1292A2E7B0F006ACB0F /* Preview Assets.xcassets in Resources */,
				4641D1252A2E7B0F006ACB0F /* Assets.xcassets in Resources */,
			);
			runOnlyForDeploymentPostprocessing = 0;
		};
		4641D12C2A2E7B0F006ACB0F /* Resources */ = {
			isa = PBXResourcesBuildPhase;
			buildActionMask = 2147483647;
			files = (
			);
			runOnlyForDeploymentPostprocessing = 0;
		};
		4641D1362A2E7B0F006ACB0F /* Resources */ = {
			isa = PBXResourcesBuildPhase;
			buildActionMask = 2147483647;
			files = (
			);
			runOnlyForDeploymentPostprocessing = 0;
		};
/* End PBXResourcesBuildPhase section */

/* Begin PBXSourcesBuildPhase section */
		4641D1142A2E7B0E006ACB0F /* Sources */ = {
			isa = PBXSourcesBuildPhase;
			buildActionMask = 2147483647;
			files = (
				4641D1212A2E7B0E006ACB0F /* Marco.xcdatamodeld in Sources */,
				4641D11C2A2E7B0E006ACB0F /* MarcoApp.swift in Sources */,
				4641D1232A2E7B0E006ACB0F /* ContentView.swift in Sources */,
				4641D11E2A2E7B0E006ACB0F /* Persistence.swift in Sources */,
			);
			runOnlyForDeploymentPostprocessing = 0;
		};
		4641D12A2A2E7B0F006ACB0F /* Sources */ = {
			isa = PBXSourcesBuildPhase;
			buildActionMask = 2147483647;
			files = (
				4641D1332A2E7B0F006ACB0F /* MarcoTests.swift in Sources */,
			);
			runOnlyForDeploymentPostprocessing = 0;
		};
		4641D1342A2E7B0F006ACB0F /* Sources */ = {
			isa = PBXSourcesBuildPhase;
			buildActionMask = 2147483647;
			files = (
				4641D13D2A2E7B0F006ACB0F /* MarcoUITests.swift in Sources */,
				4641D13F2A2E7B0F006ACB0F /* MarcoUITestsLaunchTests.swift in Sources */,
			);
			runOnlyForDeploymentPostprocessing = 0;
		};
/* End PBXSourcesBuildPhase section */

/* Begin PBXTargetDependency section */
		4641D1302A2E7B0F006ACB0F /* PBXTargetDependency */ = {
			isa = PBXTargetDependency;
			target = 4641D1172A2E7B0E006ACB0F /* Marco */;
			targetProxy = 4641D12F2A2E7B0F006ACB0F /* PBXContainerItemProxy */;
		};
		4641D13A2A2E7B0F006ACB0F /* PBXTargetDependency */ = {
			isa = PBXTargetDependency;
			target = 4641D1172A2E7B0E006ACB0F /* Marco */;
			targetProxy = 4641D1392A2E7B0F006ACB0F /* PBXContainerItemProxy */;
		};
/* End PBXTargetDependency section */

/* Begin XCBuildConfiguration section */
		4641D1402A2E7B0F006ACB0F /* Debug */ = {
			isa = XCBuildConfiguration;
			buildSettings = {
				ALWAYS_SEARCH_USER_PATHS = NO;
				CLANG_ANALYZER_NONNULL = YES;
				CLANG_ANALYZER_NUMBER_OBJECT_CONVERSION = YES_AGGRESSIVE;
				CLANG_CXX_LANGUAGE_STANDARD = "gnu++20";
				CLANG_ENABLE_MODULES = YES;
				CLANG_ENABLE_OBJC_ARC = YES;
				CLANG_ENABLE_OBJC_WEAK = YES;
				CLANG_WARN_BLOCK_CAPTURE_AUTORELEASING = YES;
				CLANG_WARN_BOOL_CONVERSION = YES;
				CLANG_WARN_COMMA = YES;
				CLANG_WARN_CONSTANT_CONVERSION = YES;
				CLANG_WARN_DEPRECATED_OBJC_IMPLEMENTATIONS = YES;
				CLANG_WARN_DIRECT_OBJC_ISA_USAGE = YES_ERROR;
				CLANG_WARN_DOCUMENTATION_COMMENTS = YES;
				CLANG_WARN_EMPTY_BODY = YES;
				CLANG_WARN_ENUM_CONVERSION = YES;
				CLANG_WARN_INFINITE_RECURSION = YES;
				CLANG_WARN_INT_CONVERSION = YES;
				CLANG_WARN_NON_LITERAL_NULL_CONVERSION = YES;
				CLANG_WARN_OBJC_IMPLICIT_RETAIN_SELF = YES;
				CLANG_WARN_OBJC_LITERAL_CONVERSION = YES;
				CLANG_WARN_OBJC_ROOT_CLASS = YES_ERROR;
				CLANG_WARN_QUOTED_INCLUDE_IN_FRAMEWORK_HEADER = YES;
				CLANG_WARN_RANGE_LOOP_ANALYSIS = YES;
				CLANG_WARN_STRICT_PROTOTYPES = YES;
				CLANG_WARN_SUSPICIOUS_MOVE = YES;
				CLANG_WARN_UNGUARDED_AVAILABILITY = YES_AGGRESSIVE;
				CLANG_WARN_UNREACHABLE_CODE = YES;
				CLANG_WARN__DUPLICATE_METHOD_MATCH = YES;
				COPY_PHASE_STRIP = NO;
				DEBUG_INFORMATION_FORMAT = dwarf;
				ENABLE_STRICT_OBJC_MSGSEND = YES;
				ENABLE_TESTABILITY = YES;
				GCC_C_LANGUAGE_STANDARD = gnu11;
				GCC_DYNAMIC_NO_PIC = NO;
				GCC_NO_COMMON_BLOCKS = YES;
				GCC_OPTIMIZATION_LEVEL = 0;
				GCC_PREPROCESSOR_DEFINITIONS = (
					"DEBUG=1",
					"$(inherited)",
				);
				GCC_WARN_64_TO_32_BIT_CONVERSION = YES;
				GCC_WARN_ABOUT_RETURN_TYPE = YES_ERROR;
				GCC_WARN_UNDECLARED_SELECTOR = YES;
				GCC_WARN_UNINITIALIZED_AUTOS = YES_AGGRESSIVE;
				GCC_WARN_UNUSED_FUNCTION = YES;
				GCC_WARN_UNUSED_VARIABLE = YES;
				MTL_ENABLE_DEBUG_INFO = INCLUDE_SOURCE;
				MTL_FAST_MATH = YES;
				ONLY_ACTIVE_ARCH = YES;
				SWIFT_ACTIVE_COMPILATION_CONDITIONS = DEBUG;
				SWIFT_OPTIMIZATION_LEVEL = "-Onone";
			};
			name = Debug;
		};
		4641D1412A2E7B0F006ACB0F /* Release */ = {
			isa = XCBuildConfiguration;
			buildSettings = {
				ALWAYS_SEARCH_USER_PATHS = NO;
				CLANG_ANALYZER_NONNULL = YES;
				CLANG_ANALYZER_NUMBER_OBJECT_CONVERSION = YES_AGGRESSIVE;
				CLANG_CXX_LANGUAGE_STANDARD = "gnu++20";
				CLANG_ENABLE_MODULES = YES;
				CLANG_ENABLE_OBJC_ARC = YES;
				CLANG_ENABLE_OBJC_WEAK = YES;
				CLANG_WARN_BLOCK_CAPTURE_AUTORELEASING = YES;
				CLANG_WARN_BOOL_CONVERSION = YES;
				CLANG_WARN_COMMA = YES;
				CLANG_WARN_CONSTANT_CONVERSION = YES;
				CLANG_WARN_DEPRECATED_OBJC_IMPLEMENTATIONS = YES;
				CLANG_WARN_DIRECT_OBJC_ISA_USAGE = YES_ERROR;
				CLANG_WARN_DOCUMENTATION_COMMENTS = YES;
				CLANG_WARN_EMPTY_BODY = YES;
				CLANG_WARN_ENUM_CONVERSION = YES;
				CLANG_WARN_INFINITE_RECURSION = YES;
				CLANG_WARN_INT_CONVERSION = YES;
				CLANG_WARN_NON_LITERAL_NULL_CONVERSION = YES;
				CLANG_WARN_OBJC_IMPLICIT_RETAIN_SELF = YES;
				CLANG_WARN_OBJC_LITERAL_CONVERSION = YES;
				CLANG_WARN_OBJC_ROOT_CLASS = YES_ERROR;
				CLANG_WARN_QUOTED_INCLUDE_IN_FRAMEWORK_HEADER = YES;
				CLANG_WARN_RANGE_LOOP_ANALYSIS = YES;
				CLANG_WARN_STRICT_PROTOTYPES = YES;
				CLANG_WARN_SUSPICIOUS_MOVE = YES;
				CLANG_WARN_UNGUARDED_AVAILABILITY = YES_AGGRESSIVE;
				CLANG_WARN_UNREACHABLE_CODE = YES;
				CLANG_WARN__DUPLICATE_METHOD_MATCH = YES;
				COPY_PHASE_STRIP = NO;
				DEBUG_INFORMATION_FORMAT = "dwarf-with-dsym";
				ENABLE_NS_ASSERTIONS = NO;
				ENABLE_STRICT_OBJC_MSGSEND = YES;
				GCC_C_LANGUAGE_STANDARD = gnu11;
				GCC_NO_COMMON_BLOCKS = YES;
				GCC_WARN_64_TO_32_BIT_CONVERSION = YES;
				GCC_WARN_ABOUT_RETURN_TYPE = YES_ERROR;
				GCC_WARN_UNDECLARED_SELECTOR = YES;
				GCC_WARN_UNINITIALIZED_AUTOS = YES_AGGRESSIVE;
				GCC_WARN_UNUSED_FUNCTION = YES;
				GCC_WARN_UNUSED_VARIABLE = YES;
				MTL_ENABLE_DEBUG_INFO = NO;
				MTL_FAST_MATH = YES;
				SWIFT_COMPILATION_MODE = wholemodule;
				SWIFT_OPTIMIZATION_LEVEL = "-O";
			};
			name = Release;
		};
		4641D1432A2E7B0F006ACB0F /* Debug */ = {
			isa = XCBuildConfiguration;
			buildSettings = {
				ASSETCATALOG_COMPILER_APPICON_NAME = AppIcon;
				ASSETCATALOG_COMPILER_GLOBAL_ACCENT_COLOR_NAME = AccentColor;
				CODE_SIGN_ENTITLEMENTS = Marco/Marco.entitlements;
				CODE_SIGN_STYLE = Automatic;
				CURRENT_PROJECT_VERSION = 1;
				DEVELOPMENT_ASSET_PATHS = "\"Marco/Preview Content\"";
				DEVELOPMENT_TEAM = YWW3SHSGR7;
				ENABLE_HARDENED_RUNTIME = YES;
				ENABLE_PREVIEWS = YES;
				GENERATE_INFOPLIST_FILE = YES;
				"INFOPLIST_KEY_UIApplicationSceneManifest_Generation[sdk=iphoneos*]" = YES;
				"INFOPLIST_KEY_UIApplicationSceneManifest_Generation[sdk=iphonesimulator*]" = YES;
				"INFOPLIST_KEY_UIApplicationSupportsIndirectInputEvents[sdk=iphoneos*]" = YES;
				"INFOPLIST_KEY_UIApplicationSupportsIndirectInputEvents[sdk=iphonesimulator*]" = YES;
				"INFOPLIST_KEY_UILaunchScreen_Generation[sdk=iphoneos*]" = YES;
				"INFOPLIST_KEY_UILaunchScreen_Generation[sdk=iphonesimulator*]" = YES;
				"INFOPLIST_KEY_UIStatusBarStyle[sdk=iphoneos*]" = UIStatusBarStyleDefault;
				"INFOPLIST_KEY_UIStatusBarStyle[sdk=iphonesimulator*]" = UIStatusBarStyleDefault;
				INFOPLIST_KEY_UISupportedInterfaceOrientations_iPad = "UIInterfaceOrientationPortrait UIInterfaceOrientationPortraitUpsideDown UIInterfaceOrientationLandscapeLeft UIInterfaceOrientationLandscapeRight";
				INFOPLIST_KEY_UISupportedInterfaceOrientations_iPhone = "UIInterfaceOrientationPortrait UIInterfaceOrientationLandscapeLeft UIInterfaceOrientationLandscapeRight";
				IPHONEOS_DEPLOYMENT_TARGET = 16.4;
				LD_RUNPATH_SEARCH_PATHS = "@executable_path/Frameworks";
				"LD_RUNPATH_SEARCH_PATHS[sdk=macosx*]" = "@executable_path/../Frameworks";
				MACOSX_DEPLOYMENT_TARGET = 13.3;
				MARKETING_VERSION = 1.0;
				PRODUCT_BUNDLE_IDENTIFIER = jinmingliang.Marco;
				PRODUCT_NAME = "$(TARGET_NAME)";
				SDKROOT = auto;
				SUPPORTED_PLATFORMS = "iphoneos iphonesimulator macosx";
				SWIFT_EMIT_LOC_STRINGS = YES;
				SWIFT_VERSION = 5.0;
				TARGETED_DEVICE_FAMILY = "1,2";
			};
			name = Debug;
		};
		4641D1442A2E7B0F006ACB0F /* Release */ = {
			isa = XCBuildConfiguration;
			buildSettings = {
				ASSETCATALOG_COMPILER_APPICON_NAME = AppIcon;
				ASSETCATALOG_COMPILER_GLOBAL_ACCENT_COLOR_NAME = AccentColor;
				CODE_SIGN_ENTITLEMENTS = Marco/Marco.entitlements;
				CODE_SIGN_STYLE = Automatic;
				CURRENT_PROJECT_VERSION = 1;
				DEVELOPMENT_ASSET_PATHS = "\"Marco/Preview Content\"";
				DEVELOPMENT_TEAM = YWW3SHSGR7;
				ENABLE_HARDENED_RUNTIME = YES;
				ENABLE_PREVIEWS = YES;
				GENERATE_INFOPLIST_FILE = YES;
				"INFOPLIST_KEY_UIApplicationSceneManifest_Generation[sdk=iphoneos*]" = YES;
				"INFOPLIST_KEY_UIApplicationSceneManifest_Generation[sdk=iphonesimulator*]" = YES;
				"INFOPLIST_KEY_UIApplicationSupportsIndirectInputEvents[sdk=iphoneos*]" = YES;
				"INFOPLIST_KEY_UIApplicationSupportsIndirectInputEvents[sdk=iphonesimulator*]" = YES;
				"INFOPLIST_KEY_UILaunchScreen_Generation[sdk=iphoneos*]" = YES;
				"INFOPLIST_KEY_UILaunchScreen_Generation[sdk=iphonesimulator*]" = YES;
				"INFOPLIST_KEY_UIStatusBarStyle[sdk=iphoneos*]" = UIStatusBarStyleDefault;
				"INFOPLIST_KEY_UIStatusBarStyle[sdk=iphonesimulator*]" = UIStatusBarStyleDefault;
				INFOPLIST_KEY_UISupportedInterfaceOrientations_iPad = "UIInterfaceOrientationPortrait UIInterfaceOrientationPortraitUpsideDown UIInterfaceOrientationLandscapeLeft UIInterfaceOrientationLandscapeRight";
				INFOPLIST_KEY_UISupportedInterfaceOrientations_iPhone = "UIInterfaceOrientationPortrait UIInterfaceOrientationLandscapeLeft UIInterfaceOrientationLandscapeRight";
				IPHONEOS_DEPLOYMENT_TARGET = 16.4;
				LD_RUNPATH_SEARCH_PATHS = "@executable_path/Frameworks";
				"LD_RUNPATH_SEARCH_PATHS[sdk=macosx*]" = "@executable_path/../Frameworks";
				MACOSX_DEPLOYMENT_TARGET = 13.3;
				MARKETING_VERSION = 1.0;
				PRODUCT_BUNDLE_IDENTIFIER = jinmingliang.Marco;
				PRODUCT_NAME = "$(TARGET_NAME)";
				SDKROOT = auto;
				SUPPORTED_PLATFORMS = "iphoneos iphonesimulator macosx";
				SWIFT_EMIT_LOC_STRINGS = YES;
				SWIFT_VERSION = 5.0;
				TARGETED_DEVICE_FAMILY = "1,2";
			};
			name = Release;
		};
		4641D1462A2E7B0F006ACB0F /* Debug */ = {
			isa = XCBuildConfiguration;
			buildSettings = {
				ALWAYS_EMBED_SWIFT_STANDARD_LIBRARIES = YES;
				BUNDLE_LOADER = "$(TEST_HOST)";
				CODE_SIGN_STYLE = Automatic;
				CURRENT_PROJECT_VERSION = 1;
				DEVELOPMENT_TEAM = YWW3SHSGR7;
				GENERATE_INFOPLIST_FILE = YES;
				IPHONEOS_DEPLOYMENT_TARGET = 16.4;
				MACOSX_DEPLOYMENT_TARGET = 13.3;
				MARKETING_VERSION = 1.0;
				PRODUCT_BUNDLE_IDENTIFIER = jinmingliang.MarcoTests;
				PRODUCT_NAME = "$(TARGET_NAME)";
				SDKROOT = auto;
				SUPPORTED_PLATFORMS = "iphoneos iphonesimulator macosx";
				SWIFT_EMIT_LOC_STRINGS = NO;
				SWIFT_VERSION = 5.0;
				TARGETED_DEVICE_FAMILY = "1,2";
				TEST_HOST = "$(BUILT_PRODUCTS_DIR)/Marco.app/$(BUNDLE_EXECUTABLE_FOLDER_PATH)/Marco";
			};
			name = Debug;
		};
		4641D1472A2E7B0F006ACB0F /* Release */ = {
			isa = XCBuildConfiguration;
			buildSettings = {
				ALWAYS_EMBED_SWIFT_STANDARD_LIBRARIES = YES;
				BUNDLE_LOADER = "$(TEST_HOST)";
				CODE_SIGN_STYLE = Automatic;
				CURRENT_PROJECT_VERSION = 1;
				DEVELOPMENT_TEAM = YWW3SHSGR7;
				GENERATE_INFOPLIST_FILE = YES;
				IPHONEOS_DEPLOYMENT_TARGET = 16.4;
				MACOSX_DEPLOYMENT_TARGET = 13.3;
				MARKETING_VERSION = 1.0;
				PRODUCT_BUNDLE_IDENTIFIER = jinmingliang.MarcoTests;
				PRODUCT_NAME = "$(TARGET_NAME)";
				SDKROOT = auto;
				SUPPORTED_PLATFORMS = "iphoneos iphonesimulator macosx";
				SWIFT_EMIT_LOC_STRINGS = NO;
				SWIFT_VERSION = 5.0;
				TARGETED_DEVICE_FAMILY = "1,2";
				TEST_HOST = "$(BUILT_PRODUCTS_DIR)/Marco.app/$(BUNDLE_EXECUTABLE_FOLDER_PATH)/Marco";
			};
			name = Release;
		};
		4641D1492A2E7B0F006ACB0F /* Debug */ = {
			isa = XCBuildConfiguration;
			buildSettings = {
				ALWAYS_EMBED_SWIFT_STANDARD_LIBRARIES = YES;
				CODE_SIGN_STYLE = Automatic;
				CURRENT_PROJECT_VERSION = 1;
				DEVELOPMENT_TEAM = YWW3SHSGR7;
				GENERATE_INFOPLIST_FILE = YES;
				IPHONEOS_DEPLOYMENT_TARGET = 16.4;
				MACOSX_DEPLOYMENT_TARGET = 13.3;
				MARKETING_VERSION = 1.0;
				PRODUCT_BUNDLE_IDENTIFIER = jinmingliang.MarcoUITests;
				PRODUCT_NAME = "$(TARGET_NAME)";
				SDKROOT = auto;
				SUPPORTED_PLATFORMS = "iphoneos iphonesimulator macosx";
				SWIFT_EMIT_LOC_STRINGS = NO;
				SWIFT_VERSION = 5.0;
				TARGETED_DEVICE_FAMILY = "1,2";
				TEST_TARGET_NAME = Marco;
			};
			name = Debug;
		};
		4641D14A2A2E7B0F006ACB0F /* Release */ = {
			isa = XCBuildConfiguration;
			buildSettings = {
				ALWAYS_EMBED_SWIFT_STANDARD_LIBRARIES = YES;
				CODE_SIGN_STYLE = Automatic;
				CURRENT_PROJECT_VERSION = 1;
				DEVELOPMENT_TEAM = YWW3SHSGR7;
				GENERATE_INFOPLIST_FILE = YES;
				IPHONEOS_DEPLOYMENT_TARGET = 16.4;
				MACOSX_DEPLOYMENT_TARGET = 13.3;
				MARKETING_VERSION = 1.0;
				PRODUCT_BUNDLE_IDENTIFIER = jinmingliang.MarcoUITests;
				PRODUCT_NAME = "$(TARGET_NAME)";
				SDKROOT = auto;
				SUPPORTED_PLATFORMS = "iphoneos iphonesimulator macosx";
				SWIFT_EMIT_LOC_STRINGS = NO;
				SWIFT_VERSION = 5.0;
				TARGETED_DEVICE_FAMILY = "1,2";
				TEST_TARGET_NAME = Marco;
			};
			name = Release;
		};
/* End XCBuildConfiguration section */

/* Begin XCConfigurationList section */
		4641D1132A2E7B0E006ACB0F /* Build configuration list for PBXProject "Marco" */ = {
			isa = XCConfigurationList;
			buildConfigurations = (
				4641D1402A2E7B0F006ACB0F /* Debug */,
				4641D1412A2E7B0F006ACB0F /* Release */,
			);
			defaultConfigurationIsVisible = 0;
			defaultConfigurationName = Release;
		};
		4641D1422A2E7B0F006ACB0F /* Build configuration list for PBXNativeTarget "Marco" */ = {
			isa = XCConfigurationList;
			buildConfigurations = (
				4641D1432A2E7B0F006ACB0F /* Debug */,
				4641D1442A2E7B0F006ACB0F /* Release */,
			);
			defaultConfigurationIsVisible = 0;
			defaultConfigurationName = Release;
		};
		4641D1452A2E7B0F006ACB0F /* Build configuration list for PBXNativeTarget "MarcoTests" */ = {
			isa = XCConfigurationList;
			buildConfigurations = (
				4641D1462A2E7B0F006ACB0F /* Debug */,
				4641D1472A2E7B0F006ACB0F /* Release */,
			);
			defaultConfigurationIsVisible = 0;
			defaultConfigurationName = Release;
		};
		4641D1482A2E7B0F006ACB0F /* Build configuration list for PBXNativeTarget "MarcoUITests" */ = {
			isa = XCConfigurationList;
			buildConfigurations = (
				4641D1492A2E7B0F006ACB0F /* Debug */,
				4641D14A2A2E7B0F006ACB0F /* Release */,
			);
			defaultConfigurationIsVisible = 0;
			defaultConfigurationName = Release;
		};
/* End XCConfigurationList section */

/* Begin XCVersionGroup section */
		4641D11F2A2E7B0E006ACB0F /* Marco.xcdatamodeld */ = {
			isa = XCVersionGroup;
			children = (
				4641D1202A2E7B0E006ACB0F /* Marco.xcdatamodel */,
			);
			currentVersion = 4641D1202A2E7B0E006ACB0F /* Marco.xcdatamodel */;
			path = Marco.xcdatamodeld;
			sourceTree = "<group>";
			versionGroupType = wrapper.xcdatamodel;
		};
/* End XCVersionGroup section */
	};
	rootObject = 4641D1102A2E7B0E006ACB0F /* Project object */;
}
